// !$*UTF8*$!
{
	archiveVersion = 1;
	classes = {
	};
	objectVersion = 56;
	objects = {

/* Begin PBXBuildFile section */
		0AF55CD2290ECAB90045505E /* YuMinigroupApp.swift in Sources */ = {isa = PBXBuildFile; fileRef = 0AF55CD1290ECAB90045505E /* YuMinigroupApp.swift */; };
		0AF55CD6290ECABC0045505E /* Assets.xcassets in Resources */ = {isa = PBXBuildFile; fileRef = 0AF55CD5290ECABC0045505E /* Assets.xcassets */; };
		0AF55CD9290ECABC0045505E /* Preview Assets.xcassets in Resources */ = {isa = PBXBuildFile; fileRef = 0AF55CD8290ECABC0045505E /* Preview Assets.xcassets */; };
		YU0000000000000000000002 /* Compat.swift in Sources */ = {isa = PBXBuildFile; fileRef = YU0000000000000000000001 /* Compat.swift */; };
		YU0000000000000000000004 /* AppToolbar.swift in Sources */ = {isa = PBXBuildFile; fileRef = YU0000000000000000000003 /* AppToolbar.swift */; };
		YU0000000000000000000006 /* FloatingActionButton.swift in Sources */ = {isa = PBXBuildFile; fileRef = YU0000000000000000000005 /* FloatingActionButton.swift */; };
		YU0000000000000000000008 /* DrawerScaffold.swift in Sources */ = {isa = PBXBuildFile; fileRef = YU0000000000000000000007 /* DrawerScaffold.swift */; };
		YU0000000000000000000010 /* RefreshableLazyColumn.swift in Sources */ = {isa = PBXBuildFile; fileRef = YU0000000000000000000009 /* RefreshableLazyColumn.swift */; };
		YU0000000000000000000012 /* CollapsingHeader.swift in Sources */ = {isa = PBXBuildFile; fileRef = YU0000000000000000000011 /* CollapsingHeader.swift */; };
		YU0000000000000000000017 /* Resource.swift in Sources */ = {isa = PBXBuildFile; fileRef = YU0000000000000000000016 /* Resource.swift */; };
		YU0000000000000000000019 /* AppError.swift in Sources */ = {isa = PBXBuildFile; fileRef = YU0000000000000000000018 /* AppError.swift */; };
		YU0000000000000000000021 /* HttpClient.swift in Sources */ = {isa = PBXBuildFile; fileRef = YU0000000000000000000020 /* HttpClient.swift */; };
		YU0000000000000000000023 /* CookieStore.swift in Sources */ = {isa = PBXBuildFile; fileRef = YU0000000000000000000022 /* CookieStore.swift */; };
		YU0000000000000000000025 /* HtmlUtil.swift in Sources */ = {isa = PBXBuildFile; fileRef = YU0000000000000000000024 /* HtmlUtil.swift */; };
		YU0000000000000000000027 /* MultipartRequest.swift in Sources */ = {isa = PBXBuildFile; fileRef = YU0000000000000000000026 /* MultipartRequest.swift */; };
		YU0000000000000000000029 /* PreferenceManager.swift in Sources */ = {isa = PBXBuildFile; fileRef = YU0000000000000000000028 /* PreferenceManager.swift */; };
		YU0000000000000000000031 /* DateUtil.swift in Sources */ = {isa = PBXBuildFile; fileRef = YU0000000000000000000030 /* DateUtil.swift */; };
		YU0000000000000000000033 /* BitmapUtil.swift in Sources */ = {isa = PBXBuildFile; fileRef = YU0000000000000000000032 /* BitmapUtil.swift */; };
		YU0000000000000000000035 /* Toast.swift in Sources */ = {isa = PBXBuildFile; fileRef = YU0000000000000000000034 /* Toast.swift */; };
		YU0000000000000000000037 /* RemoteImage.swift in Sources */ = {isa = PBXBuildFile; fileRef = YU0000000000000000000036 /* RemoteImage.swift */; };
		YU0000000000000000000039 /* EndPoint.swift in Sources */ = {isa = PBXBuildFile; fileRef = YU0000000000000000000038 /* EndPoint.swift */; };
		YU0000000000000000000041 /* FirebaseRef.swift in Sources */ = {isa = PBXBuildFile; fileRef = YU0000000000000000000040 /* FirebaseRef.swift */; };
		YU0000000000000000000043 /* User.swift in Sources */ = {isa = PBXBuildFile; fileRef = YU0000000000000000000042 /* User.swift */; };
		YU0000000000000000000045 /* GroupItem.swift in Sources */ = {isa = PBXBuildFile; fileRef = YU0000000000000000000044 /* GroupItem.swift */; };
		YU0000000000000000000047 /* ArticleItem.swift in Sources */ = {isa = PBXBuildFile; fileRef = YU0000000000000000000046 /* ArticleItem.swift */; };
		YU0000000000000000000049 /* ReplyItem.swift in Sources */ = {isa = PBXBuildFile; fileRef = YU0000000000000000000048 /* ReplyItem.swift */; };
		YU0000000000000000000051 /* MemberItem.swift in Sources */ = {isa = PBXBuildFile; fileRef = YU0000000000000000000050 /* MemberItem.swift */; };
		YU0000000000000000000056 /* FirebaseAuth in Frameworks */ = {isa = PBXBuildFile; productRef = YU0000000000000000000054 /* FirebaseAuth */; };
		YU0000000000000000000057 /* FirebaseDatabase in Frameworks */ = {isa = PBXBuildFile; productRef = YU0000000000000000000055 /* FirebaseDatabase */; };
		YU0000000000000000000059 /* UserRemoteDataSource.swift in Sources */ = {isa = PBXBuildFile; fileRef = YU0000000000000000000058 /* UserRemoteDataSource.swift */; };
		YU0000000000000000000061 /* UserRepository.swift in Sources */ = {isa = PBXBuildFile; fileRef = YU0000000000000000000060 /* UserRepository.swift */; };
		YU0000000000000000000065 /* LoginViewModel.swift in Sources */ = {isa = PBXBuildFile; fileRef = YU0000000000000000000064 /* LoginViewModel.swift */; };
		YU0000000000000000000067 /* SplashViewModel.swift in Sources */ = {isa = PBXBuildFile; fileRef = YU0000000000000000000066 /* SplashViewModel.swift */; };
		YU0000000000000000000069 /* ContentView.swift in Sources */ = {isa = PBXBuildFile; fileRef = YU0000000000000000000068 /* ContentView.swift */; };
		YU0000000000000000000071 /* LoginView.swift in Sources */ = {isa = PBXBuildFile; fileRef = YU0000000000000000000070 /* LoginView.swift */; };
		YU0000000000000000000073 /* SplashView.swift in Sources */ = {isa = PBXBuildFile; fileRef = YU0000000000000000000072 /* SplashView.swift */; };
		YU0000000000000000000076 /* MainViewModel.swift in Sources */ = {isa = PBXBuildFile; fileRef = YU0000000000000000000075 /* MainViewModel.swift */; };
		YU0000000000000000000078 /* MainView.swift in Sources */ = {isa = PBXBuildFile; fileRef = YU0000000000000000000077 /* MainView.swift */; };
		YU0000000000000000000080 /* PlaceholderView.swift in Sources */ = {isa = PBXBuildFile; fileRef = YU0000000000000000000079 /* PlaceholderView.swift */; };
		YU0000000000000000000082 /* GroupRemoteDataSource.swift in Sources */ = {isa = PBXBuildFile; fileRef = YU0000000000000000000081 /* GroupRemoteDataSource.swift */; };
		YU0000000000000000000084 /* GroupRepository.swift in Sources */ = {isa = PBXBuildFile; fileRef = YU0000000000000000000083 /* GroupRepository.swift */; };
		YU0000000000000000000086 /* GroupMainViewModel.swift in Sources */ = {isa = PBXBuildFile; fileRef = YU0000000000000000000085 /* GroupMainViewModel.swift */; };
		YU0000000000000000000088 /* GroupMainView.swift in Sources */ = {isa = PBXBuildFile; fileRef = YU0000000000000000000087 /* GroupMainView.swift */; };
		YU0000000000000000000090 /* GroupViewModel.swift in Sources */ = {isa = PBXBuildFile; fileRef = YU0000000000000000000089 /* GroupViewModel.swift */; };
		YU0000000000000000000092 /* GroupView.swift in Sources */ = {isa = PBXBuildFile; fileRef = YU0000000000000000000091 /* GroupView.swift */; };
		YU0000000000000000000094 /* ArticleRemoteDataSource.swift in Sources */ = {isa = PBXBuildFile; fileRef = YU0000000000000000000093 /* ArticleRemoteDataSource.swift */; };
		YU0000000000000000000096 /* ArticleRepository.swift in Sources */ = {isa = PBXBuildFile; fileRef = YU0000000000000000000095 /* ArticleRepository.swift */; };
		YU0000000000000000000098 /* Tab1ViewModel.swift in Sources */ = {isa = PBXBuildFile; fileRef = YU0000000000000000000097 /* Tab1ViewModel.swift */; };
		YU0000000000000000000100 /* Tab1View.swift in Sources */ = {isa = PBXBuildFile; fileRef = YU0000000000000000000099 /* Tab1View.swift */; };
		YU0000000000000000000102 /* ArticleListCell.swift in Sources */ = {isa = PBXBuildFile; fileRef = YU0000000000000000000101 /* ArticleListCell.swift */; };
		YU0000000000000000000105 /* CalendarXmlParser.swift in Sources */ = {isa = PBXBuildFile; fileRef = YU0000000000000000000104 /* CalendarXmlParser.swift */; };
		YU0000000000000000000107 /* Tab2ViewModel.swift in Sources */ = {isa = PBXBuildFile; fileRef = YU0000000000000000000106 /* Tab2ViewModel.swift */; };
		YU0000000000000000000109 /* Tab2View.swift in Sources */ = {isa = PBXBuildFile; fileRef = YU0000000000000000000108 /* Tab2View.swift */; };
		YU0000000000000000000111 /* Tab3ViewModel.swift in Sources */ = {isa = PBXBuildFile; fileRef = YU0000000000000000000110 /* Tab3ViewModel.swift */; };
		YU0000000000000000000113 /* Tab3View.swift in Sources */ = {isa = PBXBuildFile; fileRef = YU0000000000000000000112 /* Tab3View.swift */; };
		YU0000000000000000000115 /* UserViewModel.swift in Sources */ = {isa = PBXBuildFile; fileRef = YU0000000000000000000114 /* UserViewModel.swift */; };
		YU0000000000000000000117 /* UserDialogView.swift in Sources */ = {isa = PBXBuildFile; fileRef = YU0000000000000000000116 /* UserDialogView.swift */; };
		YU0000000000000000000119 /* Tab4ViewModel.swift in Sources */ = {isa = PBXBuildFile; fileRef = YU0000000000000000000118 /* Tab4ViewModel.swift */; };
		YU0000000000000000000121 /* Tab4View.swift in Sources */ = {isa = PBXBuildFile; fileRef = YU0000000000000000000120 /* Tab4View.swift */; };
		YU0000000000000000000123 /* ReplyRemoteDataSource.swift in Sources */ = {isa = PBXBuildFile; fileRef = YU0000000000000000000122 /* ReplyRemoteDataSource.swift */; };
		YU0000000000000000000125 /* ReplyRepository.swift in Sources */ = {isa = PBXBuildFile; fileRef = YU0000000000000000000124 /* ReplyRepository.swift */; };
		YU0000000000000000000127 /* ArticleViewModel.swift in Sources */ = {isa = PBXBuildFile; fileRef = YU0000000000000000000126 /* ArticleViewModel.swift */; };
		YU0000000000000000000129 /* ArticleView.swift in Sources */ = {isa = PBXBuildFile; fileRef = YU0000000000000000000128 /* ArticleView.swift */; };
		YU0000000000000000000131 /* ReplyListCell.swift in Sources */ = {isa = PBXBuildFile; fileRef = YU0000000000000000000130 /* ReplyListCell.swift */; };
		YU0000000000000000000133 /* PhotoPicker.swift in Sources */ = {isa = PBXBuildFile; fileRef = YU0000000000000000000132 /* PhotoPicker.swift */; };
		YU0000000000000000000135 /* CameraPicker.swift in Sources */ = {isa = PBXBuildFile; fileRef = YU0000000000000000000134 /* CameraPicker.swift */; };
		YU0000000000000000000137 /* CreateArticleViewModel.swift in Sources */ = {isa = PBXBuildFile; fileRef = YU0000000000000000000136 /* CreateArticleViewModel.swift */; };
		YU0000000000000000000139 /* CreateArticleView.swift in Sources */ = {isa = PBXBuildFile; fileRef = YU0000000000000000000138 /* CreateArticleView.swift */; };
		YU0000000000000000000141 /* UpdateReplyViewModel.swift in Sources */ = {isa = PBXBuildFile; fileRef = YU0000000000000000000140 /* UpdateReplyViewModel.swift */; };
		YU0000000000000000000143 /* UpdateReplyView.swift in Sources */ = {isa = PBXBuildFile; fileRef = YU0000000000000000000142 /* UpdateReplyView.swift */; };
		YU0000000000000000000145 /* PictureViewModel.swift in Sources */ = {isa = PBXBuildFile; fileRef = YU0000000000000000000144 /* PictureViewModel.swift */; };
		YU0000000000000000000147 /* PictureView.swift in Sources */ = {isa = PBXBuildFile; fileRef = YU0000000000000000000146 /* PictureView.swift */; };
		YU0000000000000000000148 /* ProfileViewModel.swift in Sources */ = {isa = PBXBuildFile; fileRef = YU0000000000000000000149 /* ProfileViewModel.swift */; };
		YU0000000000000000000150 /* ProfileView.swift in Sources */ = {isa = PBXBuildFile; fileRef = YU0000000000000000000151 /* ProfileView.swift */; };
		YU0000000000000000000153 /* FindGroupViewModel.swift in Sources */ = {isa = PBXBuildFile; fileRef = YU0000000000000000000152 /* FindGroupViewModel.swift */; };
		YU0000000000000000000155 /* GroupInfoViewModel.swift in Sources */ = {isa = PBXBuildFile; fileRef = YU0000000000000000000154 /* GroupInfoViewModel.swift */; };
		YU0000000000000000000157 /* GroupListContent.swift in Sources */ = {isa = PBXBuildFile; fileRef = YU0000000000000000000156 /* GroupListContent.swift */; };
		YU0000000000000000000159 /* GroupInfoDialogView.swift in Sources */ = {isa = PBXBuildFile; fileRef = YU0000000000000000000158 /* GroupInfoDialogView.swift */; };
		YU0000000000000000000161 /* FindGroupView.swift in Sources */ = {isa = PBXBuildFile; fileRef = YU0000000000000000000160 /* FindGroupView.swift */; };
/* End PBXBuildFile section */

/* Begin PBXFileReference section */
		0AF55CCE290ECAB90045505E /* YuMinigroup.app */ = {isa = PBXFileReference; explicitFileType = wrapper.application; includeInIndex = 0; path = YuMinigroup.app; sourceTree = BUILT_PRODUCTS_DIR; };
		0AF55CD1290ECAB90045505E /* YuMinigroupApp.swift */ = {isa = PBXFileReference; lastKnownFileType = sourcecode.swift; path = YuMinigroupApp.swift; sourceTree = "<group>"; };
		0AF55CD5290ECABC0045505E /* Assets.xcassets */ = {isa = PBXFileReference; lastKnownFileType = folder.assetcatalog; path = Assets.xcassets; sourceTree = "<group>"; };
		0AF55CD8290ECABC0045505E /* Preview Assets.xcassets */ = {isa = PBXFileReference; lastKnownFileType = folder.assetcatalog; path = "Preview Assets.xcassets"; sourceTree = "<group>"; };
		YU0000000000000000000001 /* Compat.swift */ = {isa = PBXFileReference; lastKnownFileType = sourcecode.swift; path = Compat.swift; sourceTree = "<group>"; };
		YU0000000000000000000003 /* AppToolbar.swift */ = {isa = PBXFileReference; lastKnownFileType = sourcecode.swift; path = AppToolbar.swift; sourceTree = "<group>"; };
		YU0000000000000000000005 /* FloatingActionButton.swift */ = {isa = PBXFileReference; lastKnownFileType = sourcecode.swift; path = FloatingActionButton.swift; sourceTree = "<group>"; };
		YU0000000000000000000007 /* DrawerScaffold.swift */ = {isa = PBXFileReference; lastKnownFileType = sourcecode.swift; path = DrawerScaffold.swift; sourceTree = "<group>"; };
		YU0000000000000000000009 /* RefreshableLazyColumn.swift */ = {isa = PBXFileReference; lastKnownFileType = sourcecode.swift; path = RefreshableLazyColumn.swift; sourceTree = "<group>"; };
		YU0000000000000000000011 /* CollapsingHeader.swift */ = {isa = PBXFileReference; lastKnownFileType = sourcecode.swift; path = CollapsingHeader.swift; sourceTree = "<group>"; };
		YU0000000000000000000016 /* Resource.swift */ = {isa = PBXFileReference; lastKnownFileType = sourcecode.swift; path = Resource.swift; sourceTree = "<group>"; };
		YU0000000000000000000018 /* AppError.swift */ = {isa = PBXFileReference; lastKnownFileType = sourcecode.swift; path = AppError.swift; sourceTree = "<group>"; };
		YU0000000000000000000020 /* HttpClient.swift */ = {isa = PBXFileReference; lastKnownFileType = sourcecode.swift; path = HttpClient.swift; sourceTree = "<group>"; };
		YU0000000000000000000022 /* CookieStore.swift */ = {isa = PBXFileReference; lastKnownFileType = sourcecode.swift; path = CookieStore.swift; sourceTree = "<group>"; };
		YU0000000000000000000024 /* HtmlUtil.swift */ = {isa = PBXFileReference; lastKnownFileType = sourcecode.swift; path = HtmlUtil.swift; sourceTree = "<group>"; };
		YU0000000000000000000026 /* MultipartRequest.swift */ = {isa = PBXFileReference; lastKnownFileType = sourcecode.swift; path = MultipartRequest.swift; sourceTree = "<group>"; };
		YU0000000000000000000028 /* PreferenceManager.swift */ = {isa = PBXFileReference; lastKnownFileType = sourcecode.swift; path = PreferenceManager.swift; sourceTree = "<group>"; };
		YU0000000000000000000030 /* DateUtil.swift */ = {isa = PBXFileReference; lastKnownFileType = sourcecode.swift; path = DateUtil.swift; sourceTree = "<group>"; };
		YU0000000000000000000032 /* BitmapUtil.swift */ = {isa = PBXFileReference; lastKnownFileType = sourcecode.swift; path = BitmapUtil.swift; sourceTree = "<group>"; };
		YU0000000000000000000034 /* Toast.swift */ = {isa = PBXFileReference; lastKnownFileType = sourcecode.swift; path = Toast.swift; sourceTree = "<group>"; };
		YU0000000000000000000036 /* RemoteImage.swift */ = {isa = PBXFileReference; lastKnownFileType = sourcecode.swift; path = RemoteImage.swift; sourceTree = "<group>"; };
		YU0000000000000000000038 /* EndPoint.swift */ = {isa = PBXFileReference; lastKnownFileType = sourcecode.swift; path = EndPoint.swift; sourceTree = "<group>"; };
		YU0000000000000000000040 /* FirebaseRef.swift */ = {isa = PBXFileReference; lastKnownFileType = sourcecode.swift; path = FirebaseRef.swift; sourceTree = "<group>"; };
		YU0000000000000000000042 /* User.swift */ = {isa = PBXFileReference; lastKnownFileType = sourcecode.swift; path = User.swift; sourceTree = "<group>"; };
		YU0000000000000000000044 /* GroupItem.swift */ = {isa = PBXFileReference; lastKnownFileType = sourcecode.swift; path = GroupItem.swift; sourceTree = "<group>"; };
		YU0000000000000000000046 /* ArticleItem.swift */ = {isa = PBXFileReference; lastKnownFileType = sourcecode.swift; path = ArticleItem.swift; sourceTree = "<group>"; };
		YU0000000000000000000048 /* ReplyItem.swift */ = {isa = PBXFileReference; lastKnownFileType = sourcecode.swift; path = ReplyItem.swift; sourceTree = "<group>"; };
		YU0000000000000000000050 /* MemberItem.swift */ = {isa = PBXFileReference; lastKnownFileType = sourcecode.swift; path = MemberItem.swift; sourceTree = "<group>"; };
		YU0000000000000000000058 /* UserRemoteDataSource.swift */ = {isa = PBXFileReference; lastKnownFileType = sourcecode.swift; path = UserRemoteDataSource.swift; sourceTree = "<group>"; };
		YU0000000000000000000060 /* UserRepository.swift */ = {isa = PBXFileReference; lastKnownFileType = sourcecode.swift; path = UserRepository.swift; sourceTree = "<group>"; };
		YU0000000000000000000064 /* LoginViewModel.swift */ = {isa = PBXFileReference; lastKnownFileType = sourcecode.swift; path = LoginViewModel.swift; sourceTree = "<group>"; };
		YU0000000000000000000066 /* SplashViewModel.swift */ = {isa = PBXFileReference; lastKnownFileType = sourcecode.swift; path = SplashViewModel.swift; sourceTree = "<group>"; };
		YU0000000000000000000068 /* ContentView.swift */ = {isa = PBXFileReference; lastKnownFileType = sourcecode.swift; path = ContentView.swift; sourceTree = "<group>"; };
		YU0000000000000000000070 /* LoginView.swift */ = {isa = PBXFileReference; lastKnownFileType = sourcecode.swift; path = LoginView.swift; sourceTree = "<group>"; };
		YU0000000000000000000072 /* SplashView.swift */ = {isa = PBXFileReference; lastKnownFileType = sourcecode.swift; path = SplashView.swift; sourceTree = "<group>"; };
		YU0000000000000000000075 /* MainViewModel.swift */ = {isa = PBXFileReference; lastKnownFileType = sourcecode.swift; path = MainViewModel.swift; sourceTree = "<group>"; };
		YU0000000000000000000077 /* MainView.swift */ = {isa = PBXFileReference; lastKnownFileType = sourcecode.swift; path = MainView.swift; sourceTree = "<group>"; };
		YU0000000000000000000079 /* PlaceholderView.swift */ = {isa = PBXFileReference; lastKnownFileType = sourcecode.swift; path = PlaceholderView.swift; sourceTree = "<group>"; };
		YU0000000000000000000081 /* GroupRemoteDataSource.swift */ = {isa = PBXFileReference; lastKnownFileType = sourcecode.swift; path = GroupRemoteDataSource.swift; sourceTree = "<group>"; };
		YU0000000000000000000083 /* GroupRepository.swift */ = {isa = PBXFileReference; lastKnownFileType = sourcecode.swift; path = GroupRepository.swift; sourceTree = "<group>"; };
		YU0000000000000000000085 /* GroupMainViewModel.swift */ = {isa = PBXFileReference; lastKnownFileType = sourcecode.swift; path = GroupMainViewModel.swift; sourceTree = "<group>"; };
		YU0000000000000000000087 /* GroupMainView.swift */ = {isa = PBXFileReference; lastKnownFileType = sourcecode.swift; path = GroupMainView.swift; sourceTree = "<group>"; };
		YU0000000000000000000089 /* GroupViewModel.swift */ = {isa = PBXFileReference; lastKnownFileType = sourcecode.swift; path = GroupViewModel.swift; sourceTree = "<group>"; };
		YU0000000000000000000091 /* GroupView.swift */ = {isa = PBXFileReference; lastKnownFileType = sourcecode.swift; path = GroupView.swift; sourceTree = "<group>"; };
		YU0000000000000000000093 /* ArticleRemoteDataSource.swift */ = {isa = PBXFileReference; lastKnownFileType = sourcecode.swift; path = ArticleRemoteDataSource.swift; sourceTree = "<group>"; };
		YU0000000000000000000095 /* ArticleRepository.swift */ = {isa = PBXFileReference; lastKnownFileType = sourcecode.swift; path = ArticleRepository.swift; sourceTree = "<group>"; };
		YU0000000000000000000097 /* Tab1ViewModel.swift */ = {isa = PBXFileReference; lastKnownFileType = sourcecode.swift; path = Tab1ViewModel.swift; sourceTree = "<group>"; };
		YU0000000000000000000099 /* Tab1View.swift */ = {isa = PBXFileReference; lastKnownFileType = sourcecode.swift; path = Tab1View.swift; sourceTree = "<group>"; };
		YU0000000000000000000101 /* ArticleListCell.swift */ = {isa = PBXFileReference; lastKnownFileType = sourcecode.swift; path = ArticleListCell.swift; sourceTree = "<group>"; };
		YU0000000000000000000104 /* CalendarXmlParser.swift */ = {isa = PBXFileReference; lastKnownFileType = sourcecode.swift; path = CalendarXmlParser.swift; sourceTree = "<group>"; };
		YU0000000000000000000106 /* Tab2ViewModel.swift */ = {isa = PBXFileReference; lastKnownFileType = sourcecode.swift; path = Tab2ViewModel.swift; sourceTree = "<group>"; };
		YU0000000000000000000108 /* Tab2View.swift */ = {isa = PBXFileReference; lastKnownFileType = sourcecode.swift; path = Tab2View.swift; sourceTree = "<group>"; };
		YU0000000000000000000110 /* Tab3ViewModel.swift */ = {isa = PBXFileReference; lastKnownFileType = sourcecode.swift; path = Tab3ViewModel.swift; sourceTree = "<group>"; };
		YU0000000000000000000112 /* Tab3View.swift */ = {isa = PBXFileReference; lastKnownFileType = sourcecode.swift; path = Tab3View.swift; sourceTree = "<group>"; };
		YU0000000000000000000114 /* UserViewModel.swift */ = {isa = PBXFileReference; lastKnownFileType = sourcecode.swift; path = UserViewModel.swift; sourceTree = "<group>"; };
		YU0000000000000000000116 /* UserDialogView.swift */ = {isa = PBXFileReference; lastKnownFileType = sourcecode.swift; path = UserDialogView.swift; sourceTree = "<group>"; };
		YU0000000000000000000118 /* Tab4ViewModel.swift */ = {isa = PBXFileReference; lastKnownFileType = sourcecode.swift; path = Tab4ViewModel.swift; sourceTree = "<group>"; };
		YU0000000000000000000120 /* Tab4View.swift */ = {isa = PBXFileReference; lastKnownFileType = sourcecode.swift; path = Tab4View.swift; sourceTree = "<group>"; };
		YU0000000000000000000122 /* ReplyRemoteDataSource.swift */ = {isa = PBXFileReference; lastKnownFileType = sourcecode.swift; path = ReplyRemoteDataSource.swift; sourceTree = "<group>"; };
		YU0000000000000000000124 /* ReplyRepository.swift */ = {isa = PBXFileReference; lastKnownFileType = sourcecode.swift; path = ReplyRepository.swift; sourceTree = "<group>"; };
		YU0000000000000000000126 /* ArticleViewModel.swift */ = {isa = PBXFileReference; lastKnownFileType = sourcecode.swift; path = ArticleViewModel.swift; sourceTree = "<group>"; };
		YU0000000000000000000128 /* ArticleView.swift */ = {isa = PBXFileReference; lastKnownFileType = sourcecode.swift; path = ArticleView.swift; sourceTree = "<group>"; };
		YU0000000000000000000130 /* ReplyListCell.swift */ = {isa = PBXFileReference; lastKnownFileType = sourcecode.swift; path = ReplyListCell.swift; sourceTree = "<group>"; };
		YU0000000000000000000132 /* PhotoPicker.swift */ = {isa = PBXFileReference; lastKnownFileType = sourcecode.swift; path = PhotoPicker.swift; sourceTree = "<group>"; };
		YU0000000000000000000134 /* CameraPicker.swift */ = {isa = PBXFileReference; lastKnownFileType = sourcecode.swift; path = CameraPicker.swift; sourceTree = "<group>"; };
		YU0000000000000000000136 /* CreateArticleViewModel.swift */ = {isa = PBXFileReference; lastKnownFileType = sourcecode.swift; path = CreateArticleViewModel.swift; sourceTree = "<group>"; };
		YU0000000000000000000138 /* CreateArticleView.swift */ = {isa = PBXFileReference; lastKnownFileType = sourcecode.swift; path = CreateArticleView.swift; sourceTree = "<group>"; };
		YU0000000000000000000140 /* UpdateReplyViewModel.swift */ = {isa = PBXFileReference; lastKnownFileType = sourcecode.swift; path = UpdateReplyViewModel.swift; sourceTree = "<group>"; };
		YU0000000000000000000142 /* UpdateReplyView.swift */ = {isa = PBXFileReference; lastKnownFileType = sourcecode.swift; path = UpdateReplyView.swift; sourceTree = "<group>"; };
		YU0000000000000000000144 /* PictureViewModel.swift */ = {isa = PBXFileReference; lastKnownFileType = sourcecode.swift; path = PictureViewModel.swift; sourceTree = "<group>"; };
		YU0000000000000000000146 /* PictureView.swift */ = {isa = PBXFileReference; lastKnownFileType = sourcecode.swift; path = PictureView.swift; sourceTree = "<group>"; };
		YU0000000000000000000149 /* ProfileViewModel.swift */ = {isa = PBXFileReference; lastKnownFileType = sourcecode.swift; path = ProfileViewModel.swift; sourceTree = "<group>"; };
		YU0000000000000000000151 /* ProfileView.swift */ = {isa = PBXFileReference; lastKnownFileType = sourcecode.swift; path = ProfileView.swift; sourceTree = "<group>"; };
		YU0000000000000000000152 /* FindGroupViewModel.swift */ = {isa = PBXFileReference; lastKnownFileType = sourcecode.swift; path = FindGroupViewModel.swift; sourceTree = "<group>"; };
		YU0000000000000000000154 /* GroupInfoViewModel.swift */ = {isa = PBXFileReference; lastKnownFileType = sourcecode.swift; path = GroupInfoViewModel.swift; sourceTree = "<group>"; };
		YU0000000000000000000156 /* GroupListContent.swift */ = {isa = PBXFileReference; lastKnownFileType = sourcecode.swift; path = GroupListContent.swift; sourceTree = "<group>"; };
		YU0000000000000000000158 /* GroupInfoDialogView.swift */ = {isa = PBXFileReference; lastKnownFileType = sourcecode.swift; path = GroupInfoDialogView.swift; sourceTree = "<group>"; };
		YU0000000000000000000160 /* FindGroupView.swift */ = {isa = PBXFileReference; lastKnownFileType = sourcecode.swift; path = FindGroupView.swift; sourceTree = "<group>"; };
/* End PBXFileReference section */

/* Begin PBXFrameworksBuildPhase section */
		0AF55CCB290ECAB90045505E /* Frameworks */ = {
			isa = PBXFrameworksBuildPhase;
			buildActionMask = 2147483647;
			files = (
				YU0000000000000000000056 /* FirebaseAuth in Frameworks */,
				YU0000000000000000000057 /* FirebaseDatabase in Frameworks */,
			);
			runOnlyForDeploymentPostprocessing = 0;
		};
/* End PBXFrameworksBuildPhase section */

/* Begin PBXGroup section */
		0A47759729102F34006C57C1 /* App */ = {
			isa = PBXGroup;
			children = (
				0AF55CD1290ECAB90045505E /* YuMinigroupApp.swift */,
				YU0000000000000000000038 /* EndPoint.swift */,
				YU0000000000000000000040 /* FirebaseRef.swift */,
			);
			path = App;
			sourceTree = "<group>";
		};
		0AF55CC5290ECAB80045505E = {
			isa = PBXGroup;
			children = (
				0AF55CD0290ECAB90045505E /* YuMinigroup */,
				0AF55CCF290ECAB90045505E /* Products */,
			);
			sourceTree = "<group>";
		};
		0AF55CCF290ECAB90045505E /* Products */ = {
			isa = PBXGroup;
			children = (
				0AF55CCE290ECAB90045505E /* YuMinigroup.app */,
			);
			name = Products;
			sourceTree = "<group>";
		};
		0AF55CD0290ECAB90045505E /* YuMinigroup */ = {
			isa = PBXGroup;
			children = (
				0A47759729102F34006C57C1 /* App */,
				YU0000000000000000000063 /* Data */,
				YU0000000000000000000052 /* Dto */,
				YU0000000000000000000015 /* Helper */,
				YU0000000000000000000013 /* View */,
				YU0000000000000000000074 /* ViewModel */,
				0AF55CD5290ECABC0045505E /* Assets.xcassets */,
				0AF55CD7290ECABC0045505E /* Preview Content */,
			);
			path = YuMinigroup;
			sourceTree = "<group>";
		};
		YU0000000000000000000062 /* Remote */ = {
			isa = PBXGroup;
			children = (
				YU0000000000000000000058 /* UserRemoteDataSource.swift */,
				YU0000000000000000000081 /* GroupRemoteDataSource.swift */,
				YU0000000000000000000093 /* ArticleRemoteDataSource.swift */,
				YU0000000000000000000122 /* ReplyRemoteDataSource.swift */,
			);
			path = Remote;
			sourceTree = "<group>";
		};
		YU0000000000000000000063 /* Data */ = {
			isa = PBXGroup;
			children = (
				YU0000000000000000000062 /* Remote */,
				YU0000000000000000000060 /* UserRepository.swift */,
				YU0000000000000000000083 /* GroupRepository.swift */,
				YU0000000000000000000095 /* ArticleRepository.swift */,
				YU0000000000000000000124 /* ReplyRepository.swift */,
			);
			path = Data;
			sourceTree = "<group>";
		};
		0AF55CD7290ECABC0045505E /* Preview Content */ = {
			isa = PBXGroup;
			children = (
				0AF55CD8290ECABC0045505E /* Preview Assets.xcassets */,
			);
			path = "Preview Content";
			sourceTree = "<group>";
		};
		YU0000000000000000000013 /* View */ = {
			isa = PBXGroup;
			children = (
				YU0000000000000000000014 /* UI */,
				YU0000000000000000000103 /* Cell */,
				YU0000000000000000000068 /* ContentView.swift */,
				YU0000000000000000000070 /* LoginView.swift */,
				YU0000000000000000000072 /* SplashView.swift */,
				YU0000000000000000000077 /* MainView.swift */,
				YU0000000000000000000079 /* PlaceholderView.swift */,
				YU0000000000000000000087 /* GroupMainView.swift */,
				YU0000000000000000000091 /* GroupView.swift */,
				YU0000000000000000000099 /* Tab1View.swift */,
				YU0000000000000000000108 /* Tab2View.swift */,
				YU0000000000000000000112 /* Tab3View.swift */,
				YU0000000000000000000116 /* UserDialogView.swift */,
				YU0000000000000000000120 /* Tab4View.swift */,
				YU0000000000000000000128 /* ArticleView.swift */,
				YU0000000000000000000138 /* CreateArticleView.swift */,
				YU0000000000000000000142 /* UpdateReplyView.swift */,
				YU0000000000000000000146 /* PictureView.swift */,
				YU0000000000000000000151 /* ProfileView.swift */,
				YU0000000000000000000156 /* GroupListContent.swift */,
				YU0000000000000000000158 /* GroupInfoDialogView.swift */,
				YU0000000000000000000160 /* FindGroupView.swift */,
			);
			path = View;
			sourceTree = "<group>";
		};
		YU0000000000000000000103 /* Cell */ = {
			isa = PBXGroup;
			children = (
				YU0000000000000000000101 /* ArticleListCell.swift */,
				YU0000000000000000000130 /* ReplyListCell.swift */,
			);
			path = Cell;
			sourceTree = "<group>";
		};
		YU0000000000000000000074 /* ViewModel */ = {
			isa = PBXGroup;
			children = (
				YU0000000000000000000064 /* LoginViewModel.swift */,
				YU0000000000000000000066 /* SplashViewModel.swift */,
				YU0000000000000000000075 /* MainViewModel.swift */,
				YU0000000000000000000085 /* GroupMainViewModel.swift */,
				YU0000000000000000000089 /* GroupViewModel.swift */,
				YU0000000000000000000097 /* Tab1ViewModel.swift */,
				YU0000000000000000000106 /* Tab2ViewModel.swift */,
				YU0000000000000000000110 /* Tab3ViewModel.swift */,
				YU0000000000000000000114 /* UserViewModel.swift */,
				YU0000000000000000000118 /* Tab4ViewModel.swift */,
				YU0000000000000000000126 /* ArticleViewModel.swift */,
				YU0000000000000000000136 /* CreateArticleViewModel.swift */,
				YU0000000000000000000140 /* UpdateReplyViewModel.swift */,
				YU0000000000000000000144 /* PictureViewModel.swift */,
				YU0000000000000000000149 /* ProfileViewModel.swift */,
				YU0000000000000000000152 /* FindGroupViewModel.swift */,
				YU0000000000000000000154 /* GroupInfoViewModel.swift */,
			);
			path = ViewModel;
			sourceTree = "<group>";
		};
		YU0000000000000000000014 /* UI */ = {
			isa = PBXGroup;
			children = (
				YU0000000000000000000001 /* Compat.swift */,
				YU0000000000000000000003 /* AppToolbar.swift */,
				YU0000000000000000000005 /* FloatingActionButton.swift */,
				YU0000000000000000000007 /* DrawerScaffold.swift */,
				YU0000000000000000000009 /* RefreshableLazyColumn.swift */,
				YU0000000000000000000011 /* CollapsingHeader.swift */,
			);
			path = UI;
			sourceTree = "<group>";
		};
		YU0000000000000000000052 /* Dto */ = {
			isa = PBXGroup;
			children = (
				YU0000000000000000000042 /* User.swift */,
				YU0000000000000000000044 /* GroupItem.swift */,
				YU0000000000000000000046 /* ArticleItem.swift */,
				YU0000000000000000000048 /* ReplyItem.swift */,
				YU0000000000000000000050 /* MemberItem.swift */,
			);
			path = Dto;
			sourceTree = "<group>";
		};
		YU0000000000000000000015 /* Helper */ = {
			isa = PBXGroup;
			children = (
				YU0000000000000000000016 /* Resource.swift */,
				YU0000000000000000000018 /* AppError.swift */,
				YU0000000000000000000020 /* HttpClient.swift */,
				YU0000000000000000000022 /* CookieStore.swift */,
				YU0000000000000000000024 /* HtmlUtil.swift */,
				YU0000000000000000000026 /* MultipartRequest.swift */,
				YU0000000000000000000028 /* PreferenceManager.swift */,
				YU0000000000000000000030 /* DateUtil.swift */,
				YU0000000000000000000032 /* BitmapUtil.swift */,
				YU0000000000000000000034 /* Toast.swift */,
				YU0000000000000000000036 /* RemoteImage.swift */,
				YU0000000000000000000104 /* CalendarXmlParser.swift */,
				YU0000000000000000000132 /* PhotoPicker.swift */,
				YU0000000000000000000134 /* CameraPicker.swift */,
			);
			path = Helper;
			sourceTree = "<group>";
		};
/* End PBXGroup section */

/* Begin PBXNativeTarget section */
		0AF55CCD290ECAB90045505E /* YuMinigroup */ = {
			isa = PBXNativeTarget;
			buildConfigurationList = 0AF55CDC290ECABC0045505E /* Build configuration list for PBXNativeTarget "YuMinigroup" */;
			buildPhases = (
				0AF55CCA290ECAB90045505E /* Sources */,
				0AF55CCB290ECAB90045505E /* Frameworks */,
				0AF55CCC290ECAB90045505E /* Resources */,
			);
			buildRules = (
			);
			dependencies = (
			);
			name = YuMinigroup;
			packageProductDependencies = (
				YU0000000000000000000054 /* FirebaseAuth */,
				YU0000000000000000000055 /* FirebaseDatabase */,
			);
			productName = YuMinigroup;
			productReference = 0AF55CCE290ECAB90045505E /* YuMinigroup.app */;
			productType = "com.apple.product-type.application";
		};
/* End PBXNativeTarget section */

/* Begin PBXProject section */
		0AF55CC6290ECAB80045505E /* Project object */ = {
			isa = PBXProject;
			attributes = {
				BuildIndependentTargetsInParallel = 1;
				LastSwiftUpdateCheck = 1400;
				LastUpgradeCheck = 1400;
				TargetAttributes = {
					0AF55CCD290ECAB90045505E = {
						CreatedOnToolsVersion = 14.0.1;
					};
				};
			};
			buildConfigurationList = 0AF55CC9290ECAB80045505E /* Build configuration list for PBXProject "YuMinigroup" */;
			compatibilityVersion = "Xcode 14.0";
			developmentRegion = en;
			hasScannedForEncodings = 0;
			knownRegions = (
				en,
				Base,
			);
			mainGroup = 0AF55CC5290ECAB80045505E;
			packageReferences = (
				YU0000000000000000000053 /* XCRemoteSwiftPackageReference "firebase-ios-sdk" */,
			);
			productRefGroup = 0AF55CCF290ECAB90045505E /* Products */;
			projectDirPath = "";
			projectRoot = "";
			targets = (
				0AF55CCD290ECAB90045505E /* YuMinigroup */,
			);
		};
/* End PBXProject section */

/* Begin PBXResourcesBuildPhase section */
		0AF55CCC290ECAB90045505E /* Resources */ = {
			isa = PBXResourcesBuildPhase;
			buildActionMask = 2147483647;
			files = (
				0AF55CD9290ECABC0045505E /* Preview Assets.xcassets in Resources */,
				0AF55CD6290ECABC0045505E /* Assets.xcassets in Resources */,
			);
			runOnlyForDeploymentPostprocessing = 0;
		};
/* End PBXResourcesBuildPhase section */

/* Begin PBXSourcesBuildPhase section */
		0AF55CCA290ECAB90045505E /* Sources */ = {
			isa = PBXSourcesBuildPhase;
			buildActionMask = 2147483647;
			files = (
				0AF55CD2290ECAB90045505E /* YuMinigroupApp.swift in Sources */,
				YU0000000000000000000002 /* Compat.swift in Sources */,
				YU0000000000000000000004 /* AppToolbar.swift in Sources */,
				YU0000000000000000000006 /* FloatingActionButton.swift in Sources */,
				YU0000000000000000000008 /* DrawerScaffold.swift in Sources */,
				YU0000000000000000000010 /* RefreshableLazyColumn.swift in Sources */,
				YU0000000000000000000012 /* CollapsingHeader.swift in Sources */,
				YU0000000000000000000017 /* Resource.swift in Sources */,
				YU0000000000000000000019 /* AppError.swift in Sources */,
				YU0000000000000000000021 /* HttpClient.swift in Sources */,
				YU0000000000000000000023 /* CookieStore.swift in Sources */,
				YU0000000000000000000025 /* HtmlUtil.swift in Sources */,
				YU0000000000000000000027 /* MultipartRequest.swift in Sources */,
				YU0000000000000000000029 /* PreferenceManager.swift in Sources */,
				YU0000000000000000000031 /* DateUtil.swift in Sources */,
				YU0000000000000000000033 /* BitmapUtil.swift in Sources */,
				YU0000000000000000000035 /* Toast.swift in Sources */,
				YU0000000000000000000037 /* RemoteImage.swift in Sources */,
				YU0000000000000000000039 /* EndPoint.swift in Sources */,
				YU0000000000000000000041 /* FirebaseRef.swift in Sources */,
				YU0000000000000000000043 /* User.swift in Sources */,
				YU0000000000000000000045 /* GroupItem.swift in Sources */,
				YU0000000000000000000047 /* ArticleItem.swift in Sources */,
				YU0000000000000000000049 /* ReplyItem.swift in Sources */,
				YU0000000000000000000051 /* MemberItem.swift in Sources */,
				YU0000000000000000000059 /* UserRemoteDataSource.swift in Sources */,
				YU0000000000000000000061 /* UserRepository.swift in Sources */,
				YU0000000000000000000065 /* LoginViewModel.swift in Sources */,
				YU0000000000000000000067 /* SplashViewModel.swift in Sources */,
				YU0000000000000000000069 /* ContentView.swift in Sources */,
				YU0000000000000000000071 /* LoginView.swift in Sources */,
				YU0000000000000000000073 /* SplashView.swift in Sources */,
				YU0000000000000000000076 /* MainViewModel.swift in Sources */,
				YU0000000000000000000078 /* MainView.swift in Sources */,
				YU0000000000000000000080 /* PlaceholderView.swift in Sources */,
				YU0000000000000000000082 /* GroupRemoteDataSource.swift in Sources */,
				YU0000000000000000000084 /* GroupRepository.swift in Sources */,
				YU0000000000000000000086 /* GroupMainViewModel.swift in Sources */,
				YU0000000000000000000088 /* GroupMainView.swift in Sources */,
				YU0000000000000000000090 /* GroupViewModel.swift in Sources */,
				YU0000000000000000000092 /* GroupView.swift in Sources */,
				YU0000000000000000000094 /* ArticleRemoteDataSource.swift in Sources */,
				YU0000000000000000000096 /* ArticleRepository.swift in Sources */,
				YU0000000000000000000098 /* Tab1ViewModel.swift in Sources */,
				YU0000000000000000000100 /* Tab1View.swift in Sources */,
				YU0000000000000000000102 /* ArticleListCell.swift in Sources */,
				YU0000000000000000000105 /* CalendarXmlParser.swift in Sources */,
				YU0000000000000000000107 /* Tab2ViewModel.swift in Sources */,
				YU0000000000000000000109 /* Tab2View.swift in Sources */,
				YU0000000000000000000111 /* Tab3ViewModel.swift in Sources */,
				YU0000000000000000000113 /* Tab3View.swift in Sources */,
				YU0000000000000000000115 /* UserViewModel.swift in Sources */,
				YU0000000000000000000117 /* UserDialogView.swift in Sources */,
				YU0000000000000000000119 /* Tab4ViewModel.swift in Sources */,
				YU0000000000000000000121 /* Tab4View.swift in Sources */,
				YU0000000000000000000123 /* ReplyRemoteDataSource.swift in Sources */,
				YU0000000000000000000125 /* ReplyRepository.swift in Sources */,
				YU0000000000000000000127 /* ArticleViewModel.swift in Sources */,
				YU0000000000000000000129 /* ArticleView.swift in Sources */,
				YU0000000000000000000131 /* ReplyListCell.swift in Sources */,
				YU0000000000000000000133 /* PhotoPicker.swift in Sources */,
				YU0000000000000000000135 /* CameraPicker.swift in Sources */,
				YU0000000000000000000137 /* CreateArticleViewModel.swift in Sources */,
				YU0000000000000000000139 /* CreateArticleView.swift in Sources */,
				YU0000000000000000000141 /* UpdateReplyViewModel.swift in Sources */,
				YU0000000000000000000143 /* UpdateReplyView.swift in Sources */,
				YU0000000000000000000145 /* PictureViewModel.swift in Sources */,
				YU0000000000000000000147 /* PictureView.swift in Sources */,
				YU0000000000000000000148 /* ProfileViewModel.swift in Sources */,
				YU0000000000000000000150 /* ProfileView.swift in Sources */,
				YU0000000000000000000153 /* FindGroupViewModel.swift in Sources */,
				YU0000000000000000000155 /* GroupInfoViewModel.swift in Sources */,
				YU0000000000000000000157 /* GroupListContent.swift in Sources */,
				YU0000000000000000000159 /* GroupInfoDialogView.swift in Sources */,
				YU0000000000000000000161 /* FindGroupView.swift in Sources */,
			);
			runOnlyForDeploymentPostprocessing = 0;
		};
/* End PBXSourcesBuildPhase section */

/* Begin XCBuildConfiguration section */
		0AF55CDA290ECABC0045505E /* Debug */ = {
			isa = XCBuildConfiguration;
			buildSettings = {
				ALWAYS_SEARCH_USER_PATHS = NO;
				CLANG_ANALYZER_NONNULL = YES;
				CLANG_ANALYZER_NUMBER_OBJECT_CONVERSION = YES_AGGRESSIVE;
				CLANG_CXX_LANGUAGE_STANDARD = "gnu++20";
				CLANG_ENABLE_MODULES = YES;
				CLANG_ENABLE_OBJC_ARC = YES;
				CLANG_ENABLE_OBJC_WEAK = YES;
				CLANG_WARN_BLOCK_CAPTURE_AUTORELEASING = YES;
				CLANG_WARN_BOOL_CONVERSION = YES;
				CLANG_WARN_COMMA = YES;
				CLANG_WARN_CONSTANT_CONVERSION = YES;
				CLANG_WARN_DEPRECATED_OBJC_IMPLEMENTATIONS = YES;
				CLANG_WARN_DIRECT_OBJC_ISA_USAGE = YES_ERROR;
				CLANG_WARN_DOCUMENTATION_COMMENTS = YES;
				CLANG_WARN_EMPTY_BODY = YES;
				CLANG_WARN_ENUM_CONVERSION = YES;
				CLANG_WARN_INFINITE_RECURSION = YES;
				CLANG_WARN_INT_CONVERSION = YES;
				CLANG_WARN_NON_LITERAL_NULL_CONVERSION = YES;
				CLANG_WARN_OBJC_IMPLICIT_RETAIN_SELF = YES;
				CLANG_WARN_OBJC_LITERAL_CONVERSION = YES;
				CLANG_WARN_OBJC_ROOT_CLASS = YES_ERROR;
				CLANG_WARN_QUOTED_INCLUDE_IN_FRAMEWORK_HEADER = YES;
				CLANG_WARN_RANGE_LOOP_ANALYSIS = YES;
				CLANG_WARN_STRICT_PROTOTYPES = YES;
				CLANG_WARN_SUSPICIOUS_MOVE = YES;
				CLANG_WARN_UNGUARDED_AVAILABILITY = YES_AGGRESSIVE;
				CLANG_WARN_UNREACHABLE_CODE = YES;
				CLANG_WARN__DUPLICATE_METHOD_MATCH = YES;
				COPY_PHASE_STRIP = NO;
				DEBUG_INFORMATION_FORMAT = dwarf;
				ENABLE_STRICT_OBJC_MSGSEND = YES;
				ENABLE_TESTABILITY = YES;
				GCC_C_LANGUAGE_STANDARD = gnu11;
				GCC_DYNAMIC_NO_PIC = NO;
				GCC_NO_COMMON_BLOCKS = YES;
				GCC_OPTIMIZATION_LEVEL = 0;
				GCC_PREPROCESSOR_DEFINITIONS = (
					"DEBUG=1",
					"$(inherited)",
				);
				GCC_WARN_64_TO_32_BIT_CONVERSION = YES;
				GCC_WARN_ABOUT_RETURN_TYPE = YES_ERROR;
				GCC_WARN_UNDECLARED_SELECTOR = YES;
				GCC_WARN_UNINITIALIZED_AUTOS = YES_AGGRESSIVE;
				GCC_WARN_UNUSED_FUNCTION = YES;
				GCC_WARN_UNUSED_VARIABLE = YES;
				IPHONEOS_DEPLOYMENT_TARGET = 15.6;
				MTL_ENABLE_DEBUG_INFO = INCLUDE_SOURCE;
				MTL_FAST_MATH = YES;
				ONLY_ACTIVE_ARCH = YES;
				SDKROOT = iphoneos;
				SWIFT_ACTIVE_COMPILATION_CONDITIONS = DEBUG;
				SWIFT_OPTIMIZATION_LEVEL = "-Onone";
			};
			name = Debug;
		};
		0AF55CDB290ECABC0045505E /* Release */ = {
			isa = XCBuildConfiguration;
			buildSettings = {
				ALWAYS_SEARCH_USER_PATHS = NO;
				CLANG_ANALYZER_NONNULL = YES;
				CLANG_ANALYZER_NUMBER_OBJECT_CONVERSION = YES_AGGRESSIVE;
				CLANG_CXX_LANGUAGE_STANDARD = "gnu++20";
				CLANG_ENABLE_MODULES = YES;
				CLANG_ENABLE_OBJC_ARC = YES;
				CLANG_ENABLE_OBJC_WEAK = YES;
				CLANG_WARN_BLOCK_CAPTURE_AUTORELEASING = YES;
				CLANG_WARN_BOOL_CONVERSION = YES;
				CLANG_WARN_COMMA = YES;
				CLANG_WARN_CONSTANT_CONVERSION = YES;
				CLANG_WARN_DEPRECATED_OBJC_IMPLEMENTATIONS = YES;
				CLANG_WARN_DIRECT_OBJC_ISA_USAGE = YES_ERROR;
				CLANG_WARN_DOCUMENTATION_COMMENTS = YES;
				CLANG_WARN_EMPTY_BODY = YES;
				CLANG_WARN_ENUM_CONVERSION = YES;
				CLANG_WARN_INFINITE_RECURSION = YES;
				CLANG_WARN_INT_CONVERSION = YES;
				CLANG_WARN_NON_LITERAL_NULL_CONVERSION = YES;
				CLANG_WARN_OBJC_IMPLICIT_RETAIN_SELF = YES;
				CLANG_WARN_OBJC_LITERAL_CONVERSION = YES;
				CLANG_WARN_OBJC_ROOT_CLASS = YES_ERROR;
				CLANG_WARN_QUOTED_INCLUDE_IN_FRAMEWORK_HEADER = YES;
				CLANG_WARN_RANGE_LOOP_ANALYSIS = YES;
				CLANG_WARN_STRICT_PROTOTYPES = YES;
				CLANG_WARN_SUSPICIOUS_MOVE = YES;
				CLANG_WARN_UNGUARDED_AVAILABILITY = YES_AGGRESSIVE;
				CLANG_WARN_UNREACHABLE_CODE = YES;
				CLANG_WARN__DUPLICATE_METHOD_MATCH = YES;
				COPY_PHASE_STRIP = NO;
				DEBUG_INFORMATION_FORMAT = "dwarf-with-dsym";
				ENABLE_NS_ASSERTIONS = NO;
				ENABLE_STRICT_OBJC_MSGSEND = YES;
				GCC_C_LANGUAGE_STANDARD = gnu11;
				GCC_NO_COMMON_BLOCKS = YES;
				GCC_WARN_64_TO_32_BIT_CONVERSION = YES;
				GCC_WARN_ABOUT_RETURN_TYPE = YES_ERROR;
				GCC_WARN_UNDECLARED_SELECTOR = YES;
				GCC_WARN_UNINITIALIZED_AUTOS = YES_AGGRESSIVE;
				GCC_WARN_UNUSED_FUNCTION = YES;
				GCC_WARN_UNUSED_VARIABLE = YES;
				IPHONEOS_DEPLOYMENT_TARGET = 15.6;
				MTL_ENABLE_DEBUG_INFO = NO;
				MTL_FAST_MATH = YES;
				SDKROOT = iphoneos;
				SWIFT_COMPILATION_MODE = wholemodule;
				SWIFT_OPTIMIZATION_LEVEL = "-O";
				VALIDATE_PRODUCT = YES;
			};
			name = Release;
		};
		0AF55CDD290ECABC0045505E /* Debug */ = {
			isa = XCBuildConfiguration;
			buildSettings = {
				ASSETCATALOG_COMPILER_APPICON_NAME = AppIcon;
				ASSETCATALOG_COMPILER_GLOBAL_ACCENT_COLOR_NAME = AccentColor;
				CODE_SIGN_STYLE = Automatic;
				CURRENT_PROJECT_VERSION = 1;
				DEVELOPMENT_ASSET_PATHS = "\"YuMinigroup/Preview Content\"";
				DEVELOPMENT_TEAM = W345THX6Y6;
				ENABLE_PREVIEWS = YES;
				GENERATE_INFOPLIST_FILE = YES;
				INFOPLIST_FILE = YuMinigroup/Info.plist;
				INFOPLIST_KEY_NSCameraUsageDescription = "게시글 사진 촬영에 사용됩니다";
				INFOPLIST_KEY_UIApplicationSceneManifest_Generation = YES;
				INFOPLIST_KEY_UIApplicationSupportsIndirectInputEvents = YES;
				INFOPLIST_KEY_UILaunchScreen_Generation = YES;
				INFOPLIST_KEY_UISupportedInterfaceOrientations_iPad = "UIInterfaceOrientationPortrait UIInterfaceOrientationPortraitUpsideDown UIInterfaceOrientationLandscapeLeft UIInterfaceOrientationLandscapeRight";
				INFOPLIST_KEY_UISupportedInterfaceOrientations_iPhone = "UIInterfaceOrientationPortrait UIInterfaceOrientationLandscapeLeft UIInterfaceOrientationLandscapeRight";
				LD_RUNPATH_SEARCH_PATHS = (
					"$(inherited)",
					"@executable_path/Frameworks",
				);
				MARKETING_VERSION = 1.0;
				PRODUCT_BUNDLE_IDENTIFIER = "com.hhp227.yu-minigroup";
				PRODUCT_NAME = "$(TARGET_NAME)";
				SWIFT_EMIT_LOC_STRINGS = YES;
				SWIFT_VERSION = 5.0;
				TARGETED_DEVICE_FAMILY = "1,2";
			};
			name = Debug;
		};
		0AF55CDE290ECABC0045505E /* Release */ = {
			isa = XCBuildConfiguration;
			buildSettings = {
				ASSETCATALOG_COMPILER_APPICON_NAME = AppIcon;
				ASSETCATALOG_COMPILER_GLOBAL_ACCENT_COLOR_NAME = AccentColor;
				CODE_SIGN_STYLE = Automatic;
				CURRENT_PROJECT_VERSION = 1;
				DEVELOPMENT_ASSET_PATHS = "\"YuMinigroup/Preview Content\"";
				DEVELOPMENT_TEAM = W345THX6Y6;
				ENABLE_PREVIEWS = YES;
				GENERATE_INFOPLIST_FILE = YES;
				INFOPLIST_FILE = YuMinigroup/Info.plist;
				INFOPLIST_KEY_NSCameraUsageDescription = "게시글 사진 촬영에 사용됩니다";
				INFOPLIST_KEY_UIApplicationSceneManifest_Generation = YES;
				INFOPLIST_KEY_UIApplicationSupportsIndirectInputEvents = YES;
				INFOPLIST_KEY_UILaunchScreen_Generation = YES;
				INFOPLIST_KEY_UISupportedInterfaceOrientations_iPad = "UIInterfaceOrientationPortrait UIInterfaceOrientationPortraitUpsideDown UIInterfaceOrientationLandscapeLeft UIInterfaceOrientationLandscapeRight";
				INFOPLIST_KEY_UISupportedInterfaceOrientations_iPhone = "UIInterfaceOrientationPortrait UIInterfaceOrientationLandscapeLeft UIInterfaceOrientationLandscapeRight";
				LD_RUNPATH_SEARCH_PATHS = (
					"$(inherited)",
					"@executable_path/Frameworks",
				);
				MARKETING_VERSION = 1.0;
				PRODUCT_BUNDLE_IDENTIFIER = "com.hhp227.yu-minigroup";
				PRODUCT_NAME = "$(TARGET_NAME)";
				SWIFT_EMIT_LOC_STRINGS = YES;
				SWIFT_VERSION = 5.0;
				TARGETED_DEVICE_FAMILY = "1,2";
			};
			name = Release;
		};
/* End XCBuildConfiguration section */

/* Begin XCConfigurationList section */
		0AF55CC9290ECAB80045505E /* Build configuration list for PBXProject "YuMinigroup" */ = {
			isa = XCConfigurationList;
			buildConfigurations = (
				0AF55CDA290ECABC0045505E /* Debug */,
				0AF55CDB290ECABC0045505E /* Release */,
			);
			defaultConfigurationIsVisible = 0;
			defaultConfigurationName = Release;
		};
		0AF55CDC290ECABC0045505E /* Build configuration list for PBXNativeTarget "YuMinigroup" */ = {
			isa = XCConfigurationList;
			buildConfigurations = (
				0AF55CDD290ECABC0045505E /* Debug */,
				0AF55CDE290ECABC0045505E /* Release */,
			);
			defaultConfigurationIsVisible = 0;
			defaultConfigurationName = Release;
		};
/* End XCConfigurationList section */

/* Begin XCRemoteSwiftPackageReference section */
		YU0000000000000000000053 /* XCRemoteSwiftPackageReference "firebase-ios-sdk" */ = {
			isa = XCRemoteSwiftPackageReference;
			repositoryURL = "https://github.com/firebase/firebase-ios-sdk";
			requirement = {
				kind = upToNextMajorVersion;
				minimumVersion = 10.0.0;
			};
		};
/* End XCRemoteSwiftPackageReference section */

/* Begin XCSwiftPackageProductDependency section */
		YU0000000000000000000054 /* FirebaseAuth */ = {
			isa = XCSwiftPackageProductDependency;
			package = YU0000000000000000000053 /* XCRemoteSwiftPackageReference "firebase-ios-sdk" */;
			productName = FirebaseAuth;
		};
		YU0000000000000000000055 /* FirebaseDatabase */ = {
			isa = XCSwiftPackageProductDependency;
			package = YU0000000000000000000053 /* XCRemoteSwiftPackageReference "firebase-ios-sdk" */;
			productName = FirebaseDatabase;
		};
/* End XCSwiftPackageProductDependency section */
	};
	rootObject = 0AF55CC6290ECAB80045505E /* Project object */;
}
